
Microsoft Visual Studio Solution File, Format Version 12.00
# Visual Studio 15
VisualStudioVersion = 15.0.27130.2027
MinimumVisualStudioVersion = 10.0.40219.1
Project("{FAE04EC0-301F-11D3-BF4B-00C04F79EFBC}") = "SiteImprove.EPiserver.Plugin", "Episerver.Plugin\SiteImprove.EPiserver.Plugin.csproj", "{2C0CFABA-A7A9-4F89-9FDD-C8C38079A0E2}"
EndProject
Project("{FAE04EC0-301F-11D3-BF4B-00C04F79EFBC}") = "SiteImprove.EPiserver11.Plugin", "Episerver11.Plugin\SiteImprove.EPiserver11.Plugin.csproj", "{B2EEFD13-7B31-43B1-BF02-723EE8AB8B05}"
EndProject
Project("{FAE04EC0-301F-11D3-BF4B-00C04F79EFBC}") = "SiteImprove.EPiserver.Plugin.Core", "SiteImprove.EPiserver.Plugin.Core\SiteImprove.EPiserver.Plugin.Core.csproj", "{98256F24-48D7-4891-8772-563BCF6D3949}"
EndProject
Project("{2150E333-8FDC-42A3-9474-1A3956D46DE8}") = "Solution items", "Solution items", "{5DC4B91B-90A6-49EE-AF15-0C5353BD2CD7}"
	ProjectSection(SolutionItems) = preProject
		..\build\package.Episerver11.nuspec = ..\build\package.Episerver11.nuspec
		..\build\package.nuspec = ..\build\package.nuspec
	EndProjectSection
EndProject
Global
	GlobalSection(SolutionConfigurationPlatforms) = preSolution
		Debug|Any CPU = Debug|Any CPU
		Release|Any CPU = Release|Any CPU
	EndGlobalSection
	GlobalSection(ProjectConfigurationPlatforms) = postSolution
		{2C0CFABA-A7A9-4F89-9FDD-C8C38079A0E2}.Debug|Any CPU.ActiveCfg = Debug|Any CPU
		{2C0CFABA-A7A9-4F89-9FDD-C8C38079A0E2}.Debug|Any CPU.Build.0 = Debug|Any CPU
		{2C0CFABA-A7A9-4F89-9FDD-C8C38079A0E2}.Release|Any CPU.ActiveCfg = Release|Any CPU
		{2C0CFABA-A7A9-4F89-9FDD-C8C38079A0E2}.Release|Any CPU.Build.0 = Release|Any CPU
		{B2EEFD13-7B31-43B1-BF02-723EE8AB8B05}.Debug|Any CPU.ActiveCfg = Debug|Any CPU
		{B2EEFD13-7B31-43B1-BF02-723EE8AB8B05}.Debug|Any CPU.Build.0 = Debug|Any CPU
		{B2EEFD13-7B31-43B1-BF02-723EE8AB8B05}.Release|Any CPU.ActiveCfg = Release|Any CPU
		{B2EEFD13-7B31-43B1-BF02-723EE8AB8B05}.Release|Any CPU.Build.0 = Release|Any CPU
		{98256F24-48D7-4891-8772-563BCF6D3949}.Debug|Any CPU.ActiveCfg = Debug|Any CPU
		{98256F24-48D7-4891-8772-563BCF6D3949}.Debug|Any CPU.Build.0 = Debug|Any CPU
		{98256F24-48D7-4891-8772-563BCF6D3949}.Release|Any CPU.ActiveCfg = Release|Any CPU
		{98256F24-48D7-4891-8772-563BCF6D3949}.Release|Any CPU.Build.0 = Release|Any CPU
	EndGlobalSection
	GlobalSection(SolutionProperties) = preSolution
		HideSolutionNode = FALSE
	EndGlobalSection
	GlobalSection(ExtensibilityGlobals) = postSolution
		SolutionGuid = {A14A61BE-4474-4277-A8F8-1E6D32CCE414}
	EndGlobalSection
EndGlobal
